Microsoft Visual Studio Solution File, Format Version 7.00
Project("{F184B08F-C81C-45F6-A57F-5ABD9991F28F}") = "IssueReporter", "http://localhost/ASP.NET/Chapter17/IssueReporter/IssueReporter.vbproj", "{558785B8-11CC-45E0-A3D8-C57E8A3F1026}"
EndProject
Global
	GlobalSection(SolutionConfiguration) = preSolution
		ConfigName.0 = Debug
		ConfigName.1 = Release
	EndGlobalSection
	GlobalSection(ProjectDependencies) = postSolution
	EndGlobalSection
	GlobalSection(ProjectConfiguration) = postSolution
		{558785B8-11CC-45E0-A3D8-C57E8A3F1026}.Debug.ActiveCfg = Debug|.NET
		{558785B8-11CC-45E0-A3D8-C57E8A3F1026}.Debug.Build.0 = Debug|.NET
		{558785B8-11CC-45E0-A3D8-C57E8A3F1026}.Release.ActiveCfg = Release|.NET
		{558785B8-11CC-45E0-A3D8-C57E8A3F1026}.Release.Build.0 = Release|.NET
	EndGlobalSection
	GlobalSection(ExtensibilityGlobals) = postSolution
	EndGlobalSection
	GlobalSection(ExtensibilityAddIns) = postSolution
	EndGlobalSection
EndGlobal
