Microsoft Visual Studio Solution File, Format Version 7.00
Project("{F184B08F-C81C-45F6-A57F-5ABD9991F28F}") = "UploadFile", "http://localhost/ASP.NET/Chapter17/UploadFile/UploadFile.vbproj", "{9EF8A0D6-2B5A-43F7-A4D8-0264AD715F28}"
EndProject
Global
	GlobalSection(SolutionConfiguration) = preSolution
		ConfigName.0 = Debug
		ConfigName.1 = Release
	EndGlobalSection
	GlobalSection(ProjectDependencies) = postSolution
	EndGlobalSection
	GlobalSection(ProjectConfiguration) = postSolution
		{9EF8A0D6-2B5A-43F7-A4D8-0264AD715F28}.Debug.ActiveCfg = Debug|.NET
		{9EF8A0D6-2B5A-43F7-A4D8-0264AD715F28}.Debug.Build.0 = Debug|.NET
		{9EF8A0D6-2B5A-43F7-A4D8-0264AD715F28}.Release.ActiveCfg = Release|.NET
		{9EF8A0D6-2B5A-43F7-A4D8-0264AD715F28}.Release.Build.0 = Release|.NET
	EndGlobalSection
	GlobalSection(ExtensibilityGlobals) = postSolution
	EndGlobalSection
	GlobalSection(ExtensibilityAddIns) = postSolution
	EndGlobalSection
EndGlobal
